
Microsoft Visual Studio Solution File, Format Version 12.00
# Visual Studio Version 16
VisualStudioVersion = 16.0.29424.173
MinimumVisualStudioVersion = 10.0.40219.1
Project("{FAE04EC0-301F-11D3-BF4B-00C04F79EFBC}") = "MVCApplication", "MVCApplication\MVCApplication.csproj", "{91CD4F99-7D1E-49AE-A319-D3072603880C}"
EndProject
Global
	GlobalSection(SolutionConfigurationPlatforms) = preSolution
		Debug|Any CPU = Debug|Any CPU
		Release|Any CPU = Release|Any CPU
	EndGlobalSection
	GlobalSection(ProjectConfigurationPlatforms) = postSolution
		{91CD4F99-7D1E-49AE-A319-D3072603880C}.Debug|Any CPU.ActiveCfg = Debug|Any CPU
		{91CD4F99-7D1E-49AE-A319-D3072603880C}.Debug|Any CPU.Build.0 = Debug|Any CPU
		{91CD4F99-7D1E-49AE-A319-D3072603880C}.Release|Any CPU.ActiveCfg = Release|Any CPU
		{91CD4F99-7D1E-49AE-A319-D3072603880C}.Release|Any CPU.Build.0 = Release|Any CPU
	EndGlobalSection
	GlobalSection(SolutionProperties) = preSolution
		HideSolutionNode = FALSE
	EndGlobalSection
	GlobalSection(ExtensibilityGlobals) = postSolution
		SolutionGuid = {B0F08204-5472-47B4-8BF4-0A4E26D5E7E7}
	EndGlobalSection
EndGlobal
